
Microsoft Visual Studio Solution File, Format Version 12.00
# Visual Studio 14
VisualStudioVersion = 14.0.25420.1
MinimumVisualStudioVersion = 10.0.40219.1
Project("{FAE04EC0-301F-11D3-BF4B-00C04F79EFBC}") = "PizzaStoreMVC.Client", "PizzaStoreMVC\PizzaStoreMVC.Client.csproj", "{1F13DFE5-725D-4277-BD6D-C268560D0AE5}"
EndProject
Project("{FAE04EC0-301F-11D3-BF4B-00C04F79EFBC}") = "PizzaStoreMVC.Business", "PizzaStoreMVC.Business\PizzaStoreMVC.Business.csproj", "{08F6889C-2112-4375-8059-D46710617F3D}"
EndProject
Global
	GlobalSection(SolutionConfigurationPlatforms) = preSolution
		Debug|Any CPU = Debug|Any CPU
		Release|Any CPU = Release|Any CPU
	EndGlobalSection
	GlobalSection(ProjectConfigurationPlatforms) = postSolution
		{1F13DFE5-725D-4277-BD6D-C268560D0AE5}.Debug|Any CPU.ActiveCfg = Debug|Any CPU
		{1F13DFE5-725D-4277-BD6D-C268560D0AE5}.Debug|Any CPU.Build.0 = Debug|Any CPU
		{1F13DFE5-725D-4277-BD6D-C268560D0AE5}.Release|Any CPU.ActiveCfg = Release|Any CPU
		{1F13DFE5-725D-4277-BD6D-C268560D0AE5}.Release|Any CPU.Build.0 = Release|Any CPU
		{08F6889C-2112-4375-8059-D46710617F3D}.Debug|Any CPU.ActiveCfg = Debug|Any CPU
		{08F6889C-2112-4375-8059-D46710617F3D}.Debug|Any CPU.Build.0 = Debug|Any CPU
		{08F6889C-2112-4375-8059-D46710617F3D}.Release|Any CPU.ActiveCfg = Release|Any CPU
		{08F6889C-2112-4375-8059-D46710617F3D}.Release|Any CPU.Build.0 = Release|Any CPU
	EndGlobalSection
	GlobalSection(SolutionProperties) = preSolution
		HideSolutionNode = FALSE
	EndGlobalSection
EndGlobal
